
Microsoft Visual Studio Solution File, Format Version 12.00
# Visual Studio Version 17
VisualStudioVersion = 17.11.35312.102
MinimumVisualStudioVersion = 10.0.40219.1
Project("{FAE04EC0-301F-11D3-BF4B-00C04F79EFBC}") = "easyCalculation-0059", "easyCalculation-0059\easyCalculation-0059.csproj", "{5FBF5B76-7092-4973-8917-B553EBDA8C14}"
EndProject
Global
	GlobalSection(SolutionConfigurationPlatforms) = preSolution
		Debug|Any CPU = Debug|Any CPU
		Release|Any CPU = Release|Any CPU
	EndGlobalSection
	GlobalSection(ProjectConfigurationPlatforms) = postSolution
		{5FBF5B76-7092-4973-8917-B553EBDA8C14}.Debug|Any CPU.ActiveCfg = Debug|Any CPU
		{5FBF5B76-7092-4973-8917-B553EBDA8C14}.Debug|Any CPU.Build.0 = Debug|Any CPU
		{5FBF5B76-7092-4973-8917-B553EBDA8C14}.Release|Any CPU.ActiveCfg = Release|Any CPU
		{5FBF5B76-7092-4973-8917-B553EBDA8C14}.Release|Any CPU.Build.0 = Release|Any CPU
	EndGlobalSection
	GlobalSection(SolutionProperties) = preSolution
		HideSolutionNode = FALSE
	EndGlobalSection
	GlobalSection(ExtensibilityGlobals) = postSolution
		SolutionGuid = {54872DF2-0FF0-4325-8882-24B9B2C2DCD4}
	EndGlobalSection
EndGlobal
