
Microsoft Visual Studio Solution File, Format Version 12.00
# Visual Studio Version 17
VisualStudioVersion = 17.11.35312.102
MinimumVisualStudioVersion = 10.0.40219.1
Project("{FAE04EC0-301F-11D3-BF4B-00C04F79EFBC}") = "ButefleNumber-0383", "ButefleNumber-0383\ButefleNumber-0383.csproj", "{641B9F13-2E5B-48AF-9F70-E647801180A6}"
EndProject
Global
	GlobalSection(SolutionConfigurationPlatforms) = preSolution
		Debug|Any CPU = Debug|Any CPU
		Release|Any CPU = Release|Any CPU
	EndGlobalSection
	GlobalSection(ProjectConfigurationPlatforms) = postSolution
		{641B9F13-2E5B-48AF-9F70-E647801180A6}.Debug|Any CPU.ActiveCfg = Debug|Any CPU
		{641B9F13-2E5B-48AF-9F70-E647801180A6}.Debug|Any CPU.Build.0 = Debug|Any CPU
		{641B9F13-2E5B-48AF-9F70-E647801180A6}.Release|Any CPU.ActiveCfg = Release|Any CPU
		{641B9F13-2E5B-48AF-9F70-E647801180A6}.Release|Any CPU.Build.0 = Release|Any CPU
	EndGlobalSection
	GlobalSection(SolutionProperties) = preSolution
		HideSolutionNode = FALSE
	EndGlobalSection
	GlobalSection(ExtensibilityGlobals) = postSolution
		SolutionGuid = {01D62CEF-7D1A-4E9A-A5B4-A0F9A1B60CE6}
	EndGlobalSection
EndGlobal
