
Microsoft Visual Studio Solution File, Format Version 12.00
# Visual Studio Version 17
VisualStudioVersion = 17.11.35312.102
MinimumVisualStudioVersion = 10.0.40219.1
Project("{FAE04EC0-301F-11D3-BF4B-00C04F79EFBC}") = "AnyColorRain-0125", "AnyColorRain-0125\AnyColorRain-0125.csproj", "{3CD3F358-FBC0-4B83-88BA-3684B0C5A604}"
EndProject
Global
	GlobalSection(SolutionConfigurationPlatforms) = preSolution
		Debug|Any CPU = Debug|Any CPU
		Release|Any CPU = Release|Any CPU
	EndGlobalSection
	GlobalSection(ProjectConfigurationPlatforms) = postSolution
		{3CD3F358-FBC0-4B83-88BA-3684B0C5A604}.Debug|Any CPU.ActiveCfg = Debug|Any CPU
		{3CD3F358-FBC0-4B83-88BA-3684B0C5A604}.Debug|Any CPU.Build.0 = Debug|Any CPU
		{3CD3F358-FBC0-4B83-88BA-3684B0C5A604}.Release|Any CPU.ActiveCfg = Release|Any CPU
		{3CD3F358-FBC0-4B83-88BA-3684B0C5A604}.Release|Any CPU.Build.0 = Release|Any CPU
	EndGlobalSection
	GlobalSection(SolutionProperties) = preSolution
		HideSolutionNode = FALSE
	EndGlobalSection
	GlobalSection(ExtensibilityGlobals) = postSolution
		SolutionGuid = {14C6A11D-7188-49E7-9E38-66853FC217DB}
	EndGlobalSection
EndGlobal
