
Microsoft Visual Studio Solution File, Format Version 12.00
# Visual Studio Version 17
VisualStudioVersion = 17.11.35312.102
MinimumVisualStudioVersion = 10.0.40219.1
Project("{FAE04EC0-301F-11D3-BF4B-00C04F79EFBC}") = "DifferentNumber-0321", "DifferentNumber-0321\DifferentNumber-0321.csproj", "{87334560-2B55-406A-89C8-6F9F358DFF4E}"
EndProject
Global
	GlobalSection(SolutionConfigurationPlatforms) = preSolution
		Debug|Any CPU = Debug|Any CPU
		Release|Any CPU = Release|Any CPU
	EndGlobalSection
	GlobalSection(ProjectConfigurationPlatforms) = postSolution
		{87334560-2B55-406A-89C8-6F9F358DFF4E}.Debug|Any CPU.ActiveCfg = Debug|Any CPU
		{87334560-2B55-406A-89C8-6F9F358DFF4E}.Debug|Any CPU.Build.0 = Debug|Any CPU
		{87334560-2B55-406A-89C8-6F9F358DFF4E}.Release|Any CPU.ActiveCfg = Release|Any CPU
		{87334560-2B55-406A-89C8-6F9F358DFF4E}.Release|Any CPU.Build.0 = Release|Any CPU
	EndGlobalSection
	GlobalSection(SolutionProperties) = preSolution
		HideSolutionNode = FALSE
	EndGlobalSection
	GlobalSection(ExtensibilityGlobals) = postSolution
		SolutionGuid = {5DBA2E7A-0CF4-4DEB-AA5B-870E95483791}
	EndGlobalSection
EndGlobal
