
Microsoft Visual Studio Solution File, Format Version 12.00
# Visual Studio Version 17
VisualStudioVersion = 17.11.35312.102
MinimumVisualStudioVersion = 10.0.40219.1
Project("{FAE04EC0-301F-11D3-BF4B-00C04F79EFBC}") = "BlackWhiterGraphic-0530", "BlackWhiterGraphic-0530\BlackWhiterGraphic-0530.csproj", "{C213710F-A4E7-41B5-857B-A77746C96207}"
EndProject
Global
	GlobalSection(SolutionConfigurationPlatforms) = preSolution
		Debug|Any CPU = Debug|Any CPU
		Release|Any CPU = Release|Any CPU
	EndGlobalSection
	GlobalSection(ProjectConfigurationPlatforms) = postSolution
		{C213710F-A4E7-41B5-857B-A77746C96207}.Debug|Any CPU.ActiveCfg = Debug|Any CPU
		{C213710F-A4E7-41B5-857B-A77746C96207}.Debug|Any CPU.Build.0 = Debug|Any CPU
		{C213710F-A4E7-41B5-857B-A77746C96207}.Release|Any CPU.ActiveCfg = Release|Any CPU
		{C213710F-A4E7-41B5-857B-A77746C96207}.Release|Any CPU.Build.0 = Release|Any CPU
	EndGlobalSection
	GlobalSection(SolutionProperties) = preSolution
		HideSolutionNode = FALSE
	EndGlobalSection
	GlobalSection(ExtensibilityGlobals) = postSolution
		SolutionGuid = {808BCC12-00DB-4906-9700-F347B1965E9F}
	EndGlobalSection
EndGlobal
