
Microsoft Visual Studio Solution File, Format Version 12.00
# Visual Studio Version 17
VisualStudioVersion = 17.11.35312.102
MinimumVisualStudioVersion = 10.0.40219.1
Project("{FAE04EC0-301F-11D3-BF4B-00C04F79EFBC}") = "HomeTask-0009", "HomeTask-0009\HomeTask-0009.csproj", "{4240B723-C284-4BD3-8690-B5C79B789004}"
EndProject
Global
	GlobalSection(SolutionConfigurationPlatforms) = preSolution
		Debug|Any CPU = Debug|Any CPU
		Release|Any CPU = Release|Any CPU
	EndGlobalSection
	GlobalSection(ProjectConfigurationPlatforms) = postSolution
		{4240B723-C284-4BD3-8690-B5C79B789004}.Debug|Any CPU.ActiveCfg = Debug|Any CPU
		{4240B723-C284-4BD3-8690-B5C79B789004}.Debug|Any CPU.Build.0 = Debug|Any CPU
		{4240B723-C284-4BD3-8690-B5C79B789004}.Release|Any CPU.ActiveCfg = Release|Any CPU
		{4240B723-C284-4BD3-8690-B5C79B789004}.Release|Any CPU.Build.0 = Release|Any CPU
	EndGlobalSection
	GlobalSection(SolutionProperties) = preSolution
		HideSolutionNode = FALSE
	EndGlobalSection
	GlobalSection(ExtensibilityGlobals) = postSolution
		SolutionGuid = {DE44DEBA-A1AD-4DC5-92FD-038A1D06657C}
	EndGlobalSection
EndGlobal
