
Microsoft Visual Studio Solution File, Format Version 12.00
# Visual Studio Version 17
VisualStudioVersion = 17.11.35312.102
MinimumVisualStudioVersion = 10.0.40219.1
Project("{FAE04EC0-301F-11D3-BF4B-00C04F79EFBC}") = "MinSystem-0315", "MinSystem-0315\MinSystem-0315.csproj", "{B921BE22-D174-4345-AF2B-45080FD08702}"
EndProject
Global
	GlobalSection(SolutionConfigurationPlatforms) = preSolution
		Debug|Any CPU = Debug|Any CPU
		Release|Any CPU = Release|Any CPU
	EndGlobalSection
	GlobalSection(ProjectConfigurationPlatforms) = postSolution
		{B921BE22-D174-4345-AF2B-45080FD08702}.Debug|Any CPU.ActiveCfg = Debug|Any CPU
		{B921BE22-D174-4345-AF2B-45080FD08702}.Debug|Any CPU.Build.0 = Debug|Any CPU
		{B921BE22-D174-4345-AF2B-45080FD08702}.Release|Any CPU.ActiveCfg = Release|Any CPU
		{B921BE22-D174-4345-AF2B-45080FD08702}.Release|Any CPU.Build.0 = Release|Any CPU
	EndGlobalSection
	GlobalSection(SolutionProperties) = preSolution
		HideSolutionNode = FALSE
	EndGlobalSection
	GlobalSection(ExtensibilityGlobals) = postSolution
		SolutionGuid = {11FF0472-333B-4328-9E9A-AAC64F3283A0}
	EndGlobalSection
EndGlobal
