
Microsoft Visual Studio Solution File, Format Version 12.00
# Visual Studio Version 17
VisualStudioVersion = 17.11.35312.102
MinimumVisualStudioVersion = 10.0.40219.1
Project("{FAE04EC0-301F-11D3-BF4B-00C04F79EFBC}") = "Chess-0684", "Chess-0684\Chess-0684.csproj", "{38C5C675-C645-4034-B6FC-C3D4DCC33B94}"
EndProject
Global
	GlobalSection(SolutionConfigurationPlatforms) = preSolution
		Debug|Any CPU = Debug|Any CPU
		Release|Any CPU = Release|Any CPU
	EndGlobalSection
	GlobalSection(ProjectConfigurationPlatforms) = postSolution
		{38C5C675-C645-4034-B6FC-C3D4DCC33B94}.Debug|Any CPU.ActiveCfg = Debug|Any CPU
		{38C5C675-C645-4034-B6FC-C3D4DCC33B94}.Debug|Any CPU.Build.0 = Debug|Any CPU
		{38C5C675-C645-4034-B6FC-C3D4DCC33B94}.Release|Any CPU.ActiveCfg = Release|Any CPU
		{38C5C675-C645-4034-B6FC-C3D4DCC33B94}.Release|Any CPU.Build.0 = Release|Any CPU
	EndGlobalSection
	GlobalSection(SolutionProperties) = preSolution
		HideSolutionNode = FALSE
	EndGlobalSection
	GlobalSection(ExtensibilityGlobals) = postSolution
		SolutionGuid = {50993FC5-E514-4017-A5C0-90CBEFD74F48}
	EndGlobalSection
EndGlobal
