
Microsoft Visual Studio Solution File, Format Version 12.00
# Visual Studio Version 17
VisualStudioVersion = 17.11.35312.102
MinimumVisualStudioVersion = 10.0.40219.1
Project("{FAE04EC0-301F-11D3-BF4B-00C04F79EFBC}") = "StrangeLoratey-0641", "StrangeLoratey-0641\StrangeLoratey-0641.csproj", "{EE5BFC3A-8642-4753-B526-5DB7DD634460}"
EndProject
Global
	GlobalSection(SolutionConfigurationPlatforms) = preSolution
		Debug|Any CPU = Debug|Any CPU
		Release|Any CPU = Release|Any CPU
	EndGlobalSection
	GlobalSection(ProjectConfigurationPlatforms) = postSolution
		{EE5BFC3A-8642-4753-B526-5DB7DD634460}.Debug|Any CPU.ActiveCfg = Debug|Any CPU
		{EE5BFC3A-8642-4753-B526-5DB7DD634460}.Debug|Any CPU.Build.0 = Debug|Any CPU
		{EE5BFC3A-8642-4753-B526-5DB7DD634460}.Release|Any CPU.ActiveCfg = Release|Any CPU
		{EE5BFC3A-8642-4753-B526-5DB7DD634460}.Release|Any CPU.Build.0 = Release|Any CPU
	EndGlobalSection
	GlobalSection(SolutionProperties) = preSolution
		HideSolutionNode = FALSE
	EndGlobalSection
	GlobalSection(ExtensibilityGlobals) = postSolution
		SolutionGuid = {5284D1A6-ACB6-4AFB-96A1-41830B0A702B}
	EndGlobalSection
EndGlobal
