
Microsoft Visual Studio Solution File, Format Version 12.00
# Visual Studio Version 17
VisualStudioVersion = 17.11.35312.102
MinimumVisualStudioVersion = 10.0.40219.1
Project("{FAE04EC0-301F-11D3-BF4B-00C04F79EFBC}") = "timeWhithFight-0253", "timeWhithFight-0253\timeWhithFight-0253.csproj", "{A9418E84-1930-4BDA-9588-991EAD29ED99}"
EndProject
Global
	GlobalSection(SolutionConfigurationPlatforms) = preSolution
		Debug|Any CPU = Debug|Any CPU
		Release|Any CPU = Release|Any CPU
	EndGlobalSection
	GlobalSection(ProjectConfigurationPlatforms) = postSolution
		{A9418E84-1930-4BDA-9588-991EAD29ED99}.Debug|Any CPU.ActiveCfg = Debug|Any CPU
		{A9418E84-1930-4BDA-9588-991EAD29ED99}.Debug|Any CPU.Build.0 = Debug|Any CPU
		{A9418E84-1930-4BDA-9588-991EAD29ED99}.Release|Any CPU.ActiveCfg = Release|Any CPU
		{A9418E84-1930-4BDA-9588-991EAD29ED99}.Release|Any CPU.Build.0 = Release|Any CPU
	EndGlobalSection
	GlobalSection(SolutionProperties) = preSolution
		HideSolutionNode = FALSE
	EndGlobalSection
	GlobalSection(ExtensibilityGlobals) = postSolution
		SolutionGuid = {D8D082EE-FFB2-41CE-A8A9-7F2319C097C0}
	EndGlobalSection
EndGlobal
