
Microsoft Visual Studio Solution File, Format Version 12.00
# Visual Studio Version 17
VisualStudioVersion = 17.11.35312.102
MinimumVisualStudioVersion = 10.0.40219.1
Project("{FAE04EC0-301F-11D3-BF4B-00C04F79EFBC}") = "alphabet-0878", "alphabet-0878\alphabet-0878.csproj", "{FEBB1FD4-C3CA-4AEC-9BF1-B263DD92D03C}"
EndProject
Global
	GlobalSection(SolutionConfigurationPlatforms) = preSolution
		Debug|Any CPU = Debug|Any CPU
		Release|Any CPU = Release|Any CPU
	EndGlobalSection
	GlobalSection(ProjectConfigurationPlatforms) = postSolution
		{FEBB1FD4-C3CA-4AEC-9BF1-B263DD92D03C}.Debug|Any CPU.ActiveCfg = Debug|Any CPU
		{FEBB1FD4-C3CA-4AEC-9BF1-B263DD92D03C}.Debug|Any CPU.Build.0 = Debug|Any CPU
		{FEBB1FD4-C3CA-4AEC-9BF1-B263DD92D03C}.Release|Any CPU.ActiveCfg = Release|Any CPU
		{FEBB1FD4-C3CA-4AEC-9BF1-B263DD92D03C}.Release|Any CPU.Build.0 = Release|Any CPU
	EndGlobalSection
	GlobalSection(SolutionProperties) = preSolution
		HideSolutionNode = FALSE
	EndGlobalSection
	GlobalSection(ExtensibilityGlobals) = postSolution
		SolutionGuid = {68B9E9DF-ECDD-419C-B135-9917C874CAE8}
	EndGlobalSection
EndGlobal
