
Microsoft Visual Studio Solution File, Format Version 12.00
# Visual Studio Version 17
VisualStudioVersion = 17.11.35312.102
MinimumVisualStudioVersion = 10.0.40219.1
Project("{FAE04EC0-301F-11D3-BF4B-00C04F79EFBC}") = "GidtFoFatherFrozz-0317", "GidtFoFatherFrozz-0317\GidtFoFatherFrozz-0317.csproj", "{3373729E-E90E-4D5A-BC3C-667D4A68FB4F}"
EndProject
Global
	GlobalSection(SolutionConfigurationPlatforms) = preSolution
		Debug|Any CPU = Debug|Any CPU
		Release|Any CPU = Release|Any CPU
	EndGlobalSection
	GlobalSection(ProjectConfigurationPlatforms) = postSolution
		{3373729E-E90E-4D5A-BC3C-667D4A68FB4F}.Debug|Any CPU.ActiveCfg = Debug|Any CPU
		{3373729E-E90E-4D5A-BC3C-667D4A68FB4F}.Debug|Any CPU.Build.0 = Debug|Any CPU
		{3373729E-E90E-4D5A-BC3C-667D4A68FB4F}.Release|Any CPU.ActiveCfg = Release|Any CPU
		{3373729E-E90E-4D5A-BC3C-667D4A68FB4F}.Release|Any CPU.Build.0 = Release|Any CPU
	EndGlobalSection
	GlobalSection(SolutionProperties) = preSolution
		HideSolutionNode = FALSE
	EndGlobalSection
	GlobalSection(ExtensibilityGlobals) = postSolution
		SolutionGuid = {96846B4C-73C9-47F5-A727-2C33B65FF988}
	EndGlobalSection
EndGlobal
