
Microsoft Visual Studio Solution File, Format Version 12.00
# Visual Studio Version 17
VisualStudioVersion = 17.11.35312.102
MinimumVisualStudioVersion = 10.0.40219.1
Project("{FAE04EC0-301F-11D3-BF4B-00C04F79EFBC}") = "decomposeOnEasyMultipliers-0354", "decomposeOnEasyMultipliers\decomposeOnEasyMultipliers-0354.csproj", "{853FD31D-5C05-48EF-AD28-00FBE53C7B53}"
EndProject
Global
	GlobalSection(SolutionConfigurationPlatforms) = preSolution
		Debug|Any CPU = Debug|Any CPU
		Release|Any CPU = Release|Any CPU
	EndGlobalSection
	GlobalSection(ProjectConfigurationPlatforms) = postSolution
		{853FD31D-5C05-48EF-AD28-00FBE53C7B53}.Debug|Any CPU.ActiveCfg = Debug|Any CPU
		{853FD31D-5C05-48EF-AD28-00FBE53C7B53}.Debug|Any CPU.Build.0 = Debug|Any CPU
		{853FD31D-5C05-48EF-AD28-00FBE53C7B53}.Release|Any CPU.ActiveCfg = Release|Any CPU
		{853FD31D-5C05-48EF-AD28-00FBE53C7B53}.Release|Any CPU.Build.0 = Release|Any CPU
	EndGlobalSection
	GlobalSection(SolutionProperties) = preSolution
		HideSolutionNode = FALSE
	EndGlobalSection
	GlobalSection(ExtensibilityGlobals) = postSolution
		SolutionGuid = {873AAB4C-8B7A-4321-AB55-0CE5E6E257C8}
	EndGlobalSection
EndGlobal
