
Microsoft Visual Studio Solution File, Format Version 12.00
# Visual Studio Version 17
VisualStudioVersion = 17.11.35312.102
MinimumVisualStudioVersion = 10.0.40219.1
Project("{FAE04EC0-301F-11D3-BF4B-00C04F79EFBC}") = "covenxHull-0084", "covenxHull-0084\covenxHull-0084.csproj", "{2A36B656-6000-4198-9575-55CC88B388B0}"
EndProject
Global
	GlobalSection(SolutionConfigurationPlatforms) = preSolution
		Debug|Any CPU = Debug|Any CPU
		Release|Any CPU = Release|Any CPU
	EndGlobalSection
	GlobalSection(ProjectConfigurationPlatforms) = postSolution
		{2A36B656-6000-4198-9575-55CC88B388B0}.Debug|Any CPU.ActiveCfg = Debug|Any CPU
		{2A36B656-6000-4198-9575-55CC88B388B0}.Debug|Any CPU.Build.0 = Debug|Any CPU
		{2A36B656-6000-4198-9575-55CC88B388B0}.Release|Any CPU.ActiveCfg = Release|Any CPU
		{2A36B656-6000-4198-9575-55CC88B388B0}.Release|Any CPU.Build.0 = Release|Any CPU
	EndGlobalSection
	GlobalSection(SolutionProperties) = preSolution
		HideSolutionNode = FALSE
	EndGlobalSection
	GlobalSection(ExtensibilityGlobals) = postSolution
		SolutionGuid = {0CA1B7AF-B5F8-4394-805C-0E6103FEC0FE}
	EndGlobalSection
EndGlobal
