
Microsoft Visual Studio Solution File, Format Version 12.00
# Visual Studio Version 17
VisualStudioVersion = 17.11.35312.102
MinimumVisualStudioVersion = 10.0.40219.1
Project("{FAE04EC0-301F-11D3-BF4B-00C04F79EFBC}") = "painter-0027", "painter-0027\painter-0027.csproj", "{62EF600E-1A1A-42B0-80C6-C9D69123E8D2}"
EndProject
Global
	GlobalSection(SolutionConfigurationPlatforms) = preSolution
		Debug|Any CPU = Debug|Any CPU
		Release|Any CPU = Release|Any CPU
	EndGlobalSection
	GlobalSection(ProjectConfigurationPlatforms) = postSolution
		{62EF600E-1A1A-42B0-80C6-C9D69123E8D2}.Debug|Any CPU.ActiveCfg = Debug|Any CPU
		{62EF600E-1A1A-42B0-80C6-C9D69123E8D2}.Debug|Any CPU.Build.0 = Debug|Any CPU
		{62EF600E-1A1A-42B0-80C6-C9D69123E8D2}.Release|Any CPU.ActiveCfg = Release|Any CPU
		{62EF600E-1A1A-42B0-80C6-C9D69123E8D2}.Release|Any CPU.Build.0 = Release|Any CPU
	EndGlobalSection
	GlobalSection(SolutionProperties) = preSolution
		HideSolutionNode = FALSE
	EndGlobalSection
	GlobalSection(ExtensibilityGlobals) = postSolution
		SolutionGuid = {4D71CED2-C1A1-49F5-BBC3-98AF7AB2D5F9}
	EndGlobalSection
EndGlobal
